
Microsoft Visual Studio Solution File, Format Version 12.00
# Visual Studio Version 16
VisualStudioVersion = 16.0.31911.196
MinimumVisualStudioVersion = 10.0.40219.1
Project("{8BC9CEB8-8B4A-11D0-8D11-00A0C91BC942}") = "Project4", "Project4.vcxproj", "{E1429CD1-3BE2-484B-BF1C-6166C08D0E37}"
EndProject
Global
	GlobalSection(SolutionConfigurationPlatforms) = preSolution
		Debug|x64 = Debug|x64
		Debug|x86 = Debug|x86
		Release|x64 = Release|x64
		Release|x86 = Release|x86
	EndGlobalSection
	GlobalSection(ProjectConfigurationPlatforms) = postSolution
		{E1429CD1-3BE2-484B-BF1C-6166C08D0E37}.Debug|x64.ActiveCfg = Debug|x64
		{E1429CD1-3BE2-484B-BF1C-6166C08D0E37}.Debug|x64.Build.0 = Debug|x64
		{E1429CD1-3BE2-484B-BF1C-6166C08D0E37}.Debug|x86.ActiveCfg = Debug|Win32
		{E1429CD1-3BE2-484B-BF1C-6166C08D0E37}.Debug|x86.Build.0 = Debug|Win32
		{E1429CD1-3BE2-484B-BF1C-6166C08D0E37}.Release|x64.ActiveCfg = Release|x64
		{E1429CD1-3BE2-484B-BF1C-6166C08D0E37}.Release|x64.Build.0 = Release|x64
		{E1429CD1-3BE2-484B-BF1C-6166C08D0E37}.Release|x86.ActiveCfg = Release|Win32
		{E1429CD1-3BE2-484B-BF1C-6166C08D0E37}.Release|x86.Build.0 = Release|Win32
	EndGlobalSection
	GlobalSection(SolutionProperties) = preSolution
		HideSolutionNode = FALSE
	EndGlobalSection
	GlobalSection(ExtensibilityGlobals) = postSolution
		SolutionGuid = {D53584DB-4B90-46DF-B3FE-861DC87E28C0}
	EndGlobalSection
EndGlobal
